
Microsoft Visual Studio Solution File, Format Version 12.00
# Visual Studio 15
VisualStudioVersion = 15.0.28307.1169
MinimumVisualStudioVersion = 10.0.40219.1
Project("{8BC9CEB8-8B4A-11D0-8D11-00A0C91BC942}") = "Chess_piece_problem", "Chess_piece_problem\Chess_piece_problem.vcxproj", "{4ACDF512-F0FD-42AB-BAE6-D44285C6F889}"
EndProject
Global
	GlobalSection(SolutionConfigurationPlatforms) = preSolution
		Debug|x64 = Debug|x64
		Debug|x86 = Debug|x86
		Release|x64 = Release|x64
		Release|x86 = Release|x86
	EndGlobalSection
	GlobalSection(ProjectConfigurationPlatforms) = postSolution
		{4ACDF512-F0FD-42AB-BAE6-D44285C6F889}.Debug|x64.ActiveCfg = Debug|x64
		{4ACDF512-F0FD-42AB-BAE6-D44285C6F889}.Debug|x64.Build.0 = Debug|x64
		{4ACDF512-F0FD-42AB-BAE6-D44285C6F889}.Debug|x86.ActiveCfg = Debug|Win32
		{4ACDF512-F0FD-42AB-BAE6-D44285C6F889}.Debug|x86.Build.0 = Debug|Win32
		{4ACDF512-F0FD-42AB-BAE6-D44285C6F889}.Release|x64.ActiveCfg = Release|x64
		{4ACDF512-F0FD-42AB-BAE6-D44285C6F889}.Release|x64.Build.0 = Release|x64
		{4ACDF512-F0FD-42AB-BAE6-D44285C6F889}.Release|x86.ActiveCfg = Release|Win32
		{4ACDF512-F0FD-42AB-BAE6-D44285C6F889}.Release|x86.Build.0 = Release|Win32
	EndGlobalSection
	GlobalSection(SolutionProperties) = preSolution
		HideSolutionNode = FALSE
	EndGlobalSection
	GlobalSection(ExtensibilityGlobals) = postSolution
		SolutionGuid = {B2D4EE08-BA44-4C5A-8E0E-3A025207194C}
	EndGlobalSection
EndGlobal
